{
  "version": 4,
  "terraform_version": "1.6.6",
  "serial": 6,
  "lineage": "1e0a46e2-9115-d5f8-0c8d-5aeeb89e7a18",
  "outputs": {},
  "resources": [
    {
      "mode": "managed",
      "type": "azurerm_network_interface",
      "name": "nic_gvk",
      "provider": "provider[\"registry.terraform.io/hashicorp/azurerm\"]",
      "instances": [
        {
          "schema_version": 0,
          "attributes": {
            "applied_dns_servers": [],
            "dns_servers": [],
            "edge_zone": "",
            "enable_accelerated_networking": false,
            "enable_ip_forwarding": false,
            "id": "/subscriptions/9ef44787-9b9a-4c76-a9c5-10cb94a1d264/resourceGroups/rg_vgo058/providers/Microsoft.Network/networkInterfaces/nic_vgo058",
            "internal_dns_name_label": "",
            "internal_domain_name_suffix": "2brgjnf12rsuxbfnnbapbomb5b.ax.internal.cloudapp.net",
            "ip_configuration": [
              {
                "gateway_load_balancer_frontend_ip_configuration_id": "",
                "name": "testconfiguration1",
                "primary": true,
                "private_ip_address": "10.0.2.4",
                "private_ip_address_allocation": "Dynamic",
                "private_ip_address_version": "IPv4",
                "public_ip_address_id": "",
                "subnet_id": "/subscriptions/9ef44787-9b9a-4c76-a9c5-10cb94a1d264/resourceGroups/rg_vgo058/providers/Microsoft.Network/virtualNetworks/vnet_vgo058/subnets/subnet_vgo058"
              }
            ],
            "location": "westeurope",
            "mac_address": "",
            "name": "nic_vgo058",
            "private_ip_address": "10.0.2.4",
            "private_ip_addresses": [
              "10.0.2.4"
            ],
            "resource_group_name": "rg_vgo058",
            "tags": {
              "Business Unit": "ITSOE",
              "Self Managed": "No"
            },
            "timeouts": null,
            "virtual_machine_id": ""
          },
          "sensitive_attributes": [],
          "private": "eyJlMmJmYjczMC1lY2FhLTExZTYtOGY4OC0zNDM2M2JjN2M0YzAiOnsiY3JlYXRlIjoxODAwMDAwMDAwMDAwLCJkZWxldGUiOjE4MDAwMDAwMDAwMDAsInJlYWQiOjMwMDAwMDAwMDAwMCwidXBkYXRlIjoxODAwMDAwMDAwMDAwfX0=",
          "dependencies": [
            "azurerm_resource_group.rg_gvk",
            "azurerm_subnet.subnet_gvk",
            "azurerm_virtual_network.vnet_gvk"
          ]
        }
      ]
    },
    {
      "mode": "managed",
      "type": "azurerm_resource_group",
      "name": "rg_gvk",
      "provider": "provider[\"registry.terraform.io/hashicorp/azurerm\"]",
      "instances": [
        {
          "schema_version": 0,
          "attributes": {
            "id": "/subscriptions/9ef44787-9b9a-4c76-a9c5-10cb94a1d264/resourceGroups/rg_vgo058",
            "location": "westeurope",
            "name": "rg_vgo058",
            "tags": {
              "Business Unit": "ITSOE",
              "Self Managed": "No"
            },
            "timeouts": null
          },
          "sensitive_attributes": [],
          "private": "eyJlMmJmYjczMC1lY2FhLTExZTYtOGY4OC0zNDM2M2JjN2M0YzAiOnsiY3JlYXRlIjo1NDAwMDAwMDAwMDAwLCJkZWxldGUiOjU0MDAwMDAwMDAwMDAsInJlYWQiOjMwMDAwMDAwMDAwMCwidXBkYXRlIjo1NDAwMDAwMDAwMDAwfX0="
        }
      ]
    },
    {
      "mode": "managed",
      "type": "azurerm_subnet",
      "name": "subnet_gvk",
      "provider": "provider[\"registry.terraform.io/hashicorp/azurerm\"]",
      "instances": [
        {
          "schema_version": 0,
          "attributes": {
            "address_prefixes": [
              "10.0.2.0/24"
            ],
            "delegation": [],
            "enforce_private_link_endpoint_network_policies": false,
            "enforce_private_link_service_network_policies": false,
            "id": "/subscriptions/9ef44787-9b9a-4c76-a9c5-10cb94a1d264/resourceGroups/rg_vgo058/providers/Microsoft.Network/virtualNetworks/vnet_vgo058/subnets/subnet_vgo058",
            "name": "subnet_vgo058",
            "resource_group_name": "rg_vgo058",
            "service_endpoint_policy_ids": null,
            "service_endpoints": null,
            "timeouts": null,
            "virtual_network_name": "vnet_vgo058"
          },
          "sensitive_attributes": [],
          "private": "eyJlMmJmYjczMC1lY2FhLTExZTYtOGY4OC0zNDM2M2JjN2M0YzAiOnsiY3JlYXRlIjoxODAwMDAwMDAwMDAwLCJkZWxldGUiOjE4MDAwMDAwMDAwMDAsInJlYWQiOjMwMDAwMDAwMDAwMCwidXBkYXRlIjoxODAwMDAwMDAwMDAwfX0=",
          "dependencies": [
            "azurerm_resource_group.rg_gvk",
            "azurerm_virtual_network.vnet_gvk"
          ]
        }
      ]
    },
    {
      "mode": "managed",
      "type": "azurerm_virtual_network",
      "name": "vnet_gvk",
      "provider": "provider[\"registry.terraform.io/hashicorp/azurerm\"]",
      "instances": [
        {
          "schema_version": 0,
          "attributes": {
            "address_space": [
              "10.0.0.0/16"
            ],
            "bgp_community": "",
            "ddos_protection_plan": [],
            "dns_servers": [],
            "edge_zone": "",
            "flow_timeout_in_minutes": 0,
            "guid": "b46462e0-e4bb-4b65-84ad-6840f0b981f9",
            "id": "/subscriptions/9ef44787-9b9a-4c76-a9c5-10cb94a1d264/resourceGroups/rg_vgo058/providers/Microsoft.Network/virtualNetworks/vnet_vgo058",
            "location": "westeurope",
            "name": "vnet_vgo058",
            "resource_group_name": "rg_vgo058",
            "subnet": [],
            "tags": {
              "Business Unit": "ITSOE",
              "Self Managed": "No"
            },
            "timeouts": null
          },
          "sensitive_attributes": [],
          "private": "eyJlMmJmYjczMC1lY2FhLTExZTYtOGY4OC0zNDM2M2JjN2M0YzAiOnsiY3JlYXRlIjoxODAwMDAwMDAwMDAwLCJkZWxldGUiOjE4MDAwMDAwMDAwMDAsInJlYWQiOjMwMDAwMDAwMDAwMCwidXBkYXRlIjoxODAwMDAwMDAwMDAwfX0=",
          "dependencies": [
            "azurerm_resource_group.rg_gvk"
          ]
        }
      ]
    }
  ],
  "check_results": null
}
